// !$*UTF8*$!
{
	archiveVersion = 1;
	classes = {
	};
	objectVersion = 46;
	objects = {

/* Begin PBXBuildFile section */
		7B256D381958A73500B6DFA3 /* main.m in Sources */ = {isa = PBXBuildFile; fileRef = 7B256D371958A73500B6DFA3 /* main.m */; };
		7B256D3B1958A73500B6DFA3 /* AppDelegate.m in Sources */ = {isa = PBXBuildFile; fileRef = 7B256D3A1958A73500B6DFA3 /* AppDelegate.m */; };
		7B256D3E1958A73500B6DFA3 /* ViewController.m in Sources */ = {isa = PBXBuildFile; fileRef = 7B256D3D1958A73500B6DFA3 /* ViewController.m */; };
		7B256D411958A73500B6DFA3 /* Main.storyboard in Resources */ = {isa = PBXBuildFile; fileRef = 7B256D3F1958A73500B6DFA3 /* Main.storyboard */; };
		7B256D431958A73500B6DFA3 /* Images.xcassets in Resources */ = {isa = PBXBuildFile; fileRef = 7B256D421958A73500B6DFA3 /* Images.xcassets */; };
		7B256D4F1958A73500B6DFA3 /* WordOfTheDayTests.m in Sources */ = {isa = PBXBuildFile; fileRef = 7B256D4E1958A73500B6DFA3 /* WordOfTheDayTests.m */; };
/* End PBXBuildFile section */

/* Begin PBXContainerItemProxy section */
		7B256D491958A73500B6DFA3 /* PBXContainerItemProxy */ = {
			isa = PBXContainerItemProxy;
			containerPortal = 7B256D2A1958A73500B6DFA3 /* Project object */;
			proxyType = 1;
			remoteGlobalIDString = 7B256D311958A73500B6DFA3;
			remoteInfo = WordOfTheDay;
		};
/* End PBXContainerItemProxy section */

/* Begin PBXFileReference section */
		7B256D321958A73500B6DFA3 /* WordOfTheDay.app */ = {isa = PBXFileReference; explicitFileType = wrapper.application; includeInIndex = 0; path = WordOfTheDay.app; sourceTree = BUILT_PRODUCTS_DIR; };
		7B256D361958A73500B6DFA3 /* Info.plist */ = {isa = PBXFileReference; lastKnownFileType = text.plist.xml; path = Info.plist; sourceTree = "<group>"; };
		7B256D371958A73500B6DFA3 /* main.m */ = {isa = PBXFileReference; lastKnownFileType = sourcecode.c.objc; path = main.m; sourceTree = "<group>"; };
		7B256D391958A73500B6DFA3 /* AppDelegate.h */ = {isa = PBXFileReference; lastKnownFileType = sourcecode.c.h; path = AppDelegate.h; sourceTree = "<group>"; };
		7B256D3A1958A73500B6DFA3 /* AppDelegate.m */ = {isa = PBXFileReference; lastKnownFileType = sourcecode.c.objc; path = AppDelegate.m; sourceTree = "<group>"; };
		7B256D3C1958A73500B6DFA3 /* ViewController.h */ = {isa = PBXFileReference; lastKnownFileType = sourcecode.c.h; path = ViewController.h; sourceTree = "<group>"; };
		7B256D3D1958A73500B6DFA3 /* ViewController.m */ = {isa = PBXFileReference; lastKnownFileType = sourcecode.c.objc; path = ViewController.m; sourceTree = "<group>"; };
		7B256D401958A73500B6DFA3 /* Base */ = {isa = PBXFileReference; lastKnownFileType = file.storyboard; name = Base; path = Base.lproj/Main.storyboard; sourceTree = "<group>"; };
		7B256D421958A73500B6DFA3 /* Images.xcassets */ = {isa = PBXFileReference; lastKnownFileType = folder.assetcatalog; path = Images.xcassets; sourceTree = "<group>"; };
		7B256D481958A73500B6DFA3 /* WordOfTheDayTests.xctest */ = {isa = PBXFileReference; explicitFileType = wrapper.cfbundle; includeInIndex = 0; path = WordOfTheDayTests.xctest; sourceTree = BUILT_PRODUCTS_DIR; };
		7B256D4D1958A73500B6DFA3 /* Info.plist */ = {isa = PBXFileReference; lastKnownFileType = text.plist.xml; path = Info.plist; sourceTree = "<group>"; };
		7B256D4E1958A73500B6DFA3 /* WordOfTheDayTests.m */ = {isa = PBXFileReference; lastKnownFileType = sourcecode.c.objc; path = WordOfTheDayTests.m; sourceTree = "<group>"; };
/* End PBXFileReference section */

/* Begin PBXFrameworksBuildPhase section */
		7B256D2F1958A73500B6DFA3 /* Frameworks */ = {
			isa = PBXFrameworksBuildPhase;
			buildActionMask = 2147483647;
			files = (
			);
			runOnlyForDeploymentPostprocessing = 0;
		};
		7B256D451958A73500B6DFA3 /* Frameworks */ = {
			isa = PBXFrameworksBuildPhase;
			buildActionMask = 2147483647;
			files = (
			);
			runOnlyForDeploymentPostprocessing = 0;
		};
/* End PBXFrameworksBuildPhase section */

/* Begin PBXGroup section */
		7B256D291958A73500B6DFA3 = {
			isa = PBXGroup;
			children = (
				7B256D341958A73500B6DFA3 /* WordOfTheDay */,
				7B256D4B1958A73500B6DFA3 /* WordOfTheDayTests */,
				7B256D331958A73500B6DFA3 /* Products */,
			);
			sourceTree = "<group>";
		};
		7B256D331958A73500B6DFA3 /* Products */ = {
			isa = PBXGroup;
			children = (
				7B256D321958A73500B6DFA3 /* WordOfTheDay.app */,
				7B256D481958A73500B6DFA3 /* WordOfTheDayTests.xctest */,
			);
			name = Products;
			sourceTree = "<group>";
		};
		7B256D341958A73500B6DFA3 /* WordOfTheDay */ = {
			isa = PBXGroup;
			children = (
				7B256D391958A73500B6DFA3 /* AppDelegate.h */,
				7B256D3A1958A73500B6DFA3 /* AppDelegate.m */,
				7B256D3C1958A73500B6DFA3 /* ViewController.h */,
				7B256D3D1958A73500B6DFA3 /* ViewController.m */,
				7B256D3F1958A73500B6DFA3 /* Main.storyboard */,
				7B256D421958A73500B6DFA3 /* Images.xcassets */,
				7B256D351958A73500B6DFA3 /* Supporting Files */,
			);
			path = WordOfTheDay;
			sourceTree = "<group>";
		};
		7B256D351958A73500B6DFA3 /* Supporting Files */ = {
			isa = PBXGroup;
			children = (
				7B256D361958A73500B6DFA3 /* Info.plist */,
				7B256D371958A73500B6DFA3 /* main.m */,
			);
			name = "Supporting Files";
			sourceTree = "<group>";
		};
		7B256D4B1958A73500B6DFA3 /* WordOfTheDayTests */ = {
			isa = PBXGroup;
			children = (
				7B256D4E1958A73500B6DFA3 /* WordOfTheDayTests.m */,
				7B256D4C1958A73500B6DFA3 /* Supporting Files */,
			);
			path = WordOfTheDayTests;
			sourceTree = "<group>";
		};
		7B256D4C1958A73500B6DFA3 /* Supporting Files */ = {
			isa = PBXGroup;
			children = (
				7B256D4D1958A73500B6DFA3 /* Info.plist */,
			);
			name = "Supporting Files";
			sourceTree = "<group>";
		};
/* End PBXGroup section */

/* Begin PBXNativeTarget section */
		7B256D311958A73500B6DFA3 /* WordOfTheDay */ = {
			isa = PBXNativeTarget;
			buildConfigurationList = 7B256D521958A73500B6DFA3 /* Build configuration list for PBXNativeTarget "WordOfTheDay" */;
			buildPhases = (
				7B256D2E1958A73500B6DFA3 /* Sources */,
				7B256D2F1958A73500B6DFA3 /* Frameworks */,
				7B256D301958A73500B6DFA3 /* Resources */,
			);
			buildRules = (
			);
			dependencies = (
			);
			name = WordOfTheDay;
			productName = WordOfTheDay;
			productReference = 7B256D321958A73500B6DFA3 /* WordOfTheDay.app */;
			productType = "com.apple.product-type.application";
		};
		7B256D471958A73500B6DFA3 /* WordOfTheDayTests */ = {
			isa = PBXNativeTarget;
			buildConfigurationList = 7B256D551958A73500B6DFA3 /* Build configuration list for PBXNativeTarget "WordOfTheDayTests" */;
			buildPhases = (
				7B256D441958A73500B6DFA3 /* Sources */,
				7B256D451958A73500B6DFA3 /* Frameworks */,
				7B256D461958A73500B6DFA3 /* Resources */,
			);
			buildRules = (
			);
			dependencies = (
				7B256D4A1958A73500B6DFA3 /* PBXTargetDependency */,
			);
			name = WordOfTheDayTests;
			productName = WordOfTheDayTests;
			productReference = 7B256D481958A73500B6DFA3 /* WordOfTheDayTests.xctest */;
			productType = "com.apple.product-type.bundle.unit-test";
		};
/* End PBXNativeTarget section */

/* Begin PBXProject section */
		7B256D2A1958A73500B6DFA3 /* Project object */ = {
			isa = PBXProject;
			attributes = {
				LastUpgradeCheck = 0600;
				ORGANIZATIONNAME = "Michael Dattolo";
				TargetAttributes = {
					7B256D311958A73500B6DFA3 = {
						CreatedOnToolsVersion = 6.0;
					};
					7B256D471958A73500B6DFA3 = {
						CreatedOnToolsVersion = 6.0;
						TestTargetID = 7B256D311958A73500B6DFA3;
					};
				};
			};
			buildConfigurationList = 7B256D2D1958A73500B6DFA3 /* Build configuration list for PBXProject "WordOfTheDay" */;
			compatibilityVersion = "Xcode 3.2";
			developmentRegion = English;
			hasScannedForEncodings = 0;
			knownRegions = (
				en,
				Base,
			);
			mainGroup = 7B256D291958A73500B6DFA3;
			productRefGroup = 7B256D331958A73500B6DFA3 /* Products */;
			projectDirPath = "";
			projectRoot = "";
			targets = (
				7B256D311958A73500B6DFA3 /* WordOfTheDay */,
				7B256D471958A73500B6DFA3 /* WordOfTheDayTests */,
			);
		};
/* End PBXProject section */

/* Begin PBXResourcesBuildPhase section */
		7B256D301958A73500B6DFA3 /* Resources */ = {
			isa = PBXResourcesBuildPhase;
			buildActionMask = 2147483647;
			files = (
				7B256D411958A73500B6DFA3 /* Main.storyboard in Resources */,
				7B256D431958A73500B6DFA3 /* Images.xcassets in Resources */,
			);
			runOnlyForDeploymentPostprocessing = 0;
		};
		7B256D461958A73500B6DFA3 /* Resources */ = {
			isa = PBXResourcesBuildPhase;
			buildActionMask = 2147483647;
			files = (
			);
			runOnlyForDeploymentPostprocessing = 0;
		};
/* End PBXResourcesBuildPhase section */

/* Begin PBXSourcesBuildPhase section */
		7B256D2E1958A73500B6DFA3 /* Sources */ = {
			isa = PBXSourcesBuildPhase;
			buildActionMask = 2147483647;
			files = (
				7B256D3E1958A73500B6DFA3 /* ViewController.m in Sources */,
				7B256D3B1958A73500B6DFA3 /* AppDelegate.m in Sources */,
				7B256D381958A73500B6DFA3 /* main.m in Sources */,
			);
			runOnlyForDeploymentPostprocessing = 0;
		};
		7B256D441958A73500B6DFA3 /* Sources */ = {
			isa = PBXSourcesBuildPhase;
			buildActionMask = 2147483647;
			files = (
				7B256D4F1958A73500B6DFA3 /* WordOfTheDayTests.m in Sources */,
			);
			runOnlyForDeploymentPostprocessing = 0;
		};
/* End PBXSourcesBuildPhase section */

/* Begin PBXTargetDependency section */
		7B256D4A1958A73500B6DFA3 /* PBXTargetDependency */ = {
			isa = PBXTargetDependency;
			target = 7B256D311958A73500B6DFA3 /* WordOfTheDay */;
			targetProxy = 7B256D491958A73500B6DFA3 /* PBXContainerItemProxy */;
		};
/* End PBXTargetDependency section */

/* Begin PBXVariantGroup section */
		7B256D3F1958A73500B6DFA3 /* Main.storyboard */ = {
			isa = PBXVariantGroup;
			children = (
				7B256D401958A73500B6DFA3 /* Base */,
			);
			name = Main.storyboard;
			sourceTree = "<group>";
		};
/* End PBXVariantGroup section */

/* Begin XCBuildConfiguration section */
		7B256D501958A73500B6DFA3 /* Debug */ = {
			isa = XCBuildConfiguration;
			buildSettings = {
				ALWAYS_SEARCH_USER_PATHS = NO;
				CLANG_CXX_LANGUAGE_STANDARD = "gnu++0x";
				CLANG_CXX_LIBRARY = "libc++";
				CLANG_ENABLE_MODULES = YES;
				CLANG_ENABLE_OBJC_ARC = YES;
				CLANG_WARN_BOOL_CONVERSION = YES;
				CLANG_WARN_CONSTANT_CONVERSION = YES;
				CLANG_WARN_DIRECT_OBJC_ISA_USAGE = YES_ERROR;
				CLANG_WARN_EMPTY_BODY = YES;
				CLANG_WARN_ENUM_CONVERSION = YES;
				CLANG_WARN_INT_CONVERSION = YES;
				CLANG_WARN_OBJC_ROOT_CLASS = YES_ERROR;
				CLANG_WARN_UNREACHABLE_CODE = YES;
				CLANG_WARN__DUPLICATE_METHOD_MATCH = YES;
				"CODE_SIGN_IDENTITY[sdk=iphoneos*]" = "iPhone Developer";
				COPY_PHASE_STRIP = NO;
				ENABLE_STRICT_OBJC_MSGSEND = YES;
				GCC_C_LANGUAGE_STANDARD = gnu99;
				GCC_DYNAMIC_NO_PIC = NO;
				GCC_OPTIMIZATION_LEVEL = 0;
				GCC_PREPROCESSOR_DEFINITIONS = (
					"DEBUG=1",
					"$(inherited)",
				);
				GCC_SYMBOLS_PRIVATE_EXTERN = NO;
				GCC_WARN_64_TO_32_BIT_CONVERSION = YES;
				GCC_WARN_ABOUT_RETURN_TYPE = YES_ERROR;
				GCC_WARN_UNDECLARED_SELECTOR = YES;
				GCC_WARN_UNINITIALIZED_AUTOS = YES_AGGRESSIVE;
				GCC_WARN_UNUSED_FUNCTION = YES;
				GCC_WARN_UNUSED_VARIABLE = YES;
				IPHONEOS_DEPLOYMENT_TARGET = 8.0;
				METAL_ENABLE_DEBUG_INFO = YES;
				ONLY_ACTIVE_ARCH = YES;
				SDKROOT = iphoneos;
			};
			name = Debug;
		};
		7B256D511958A73500B6DFA3 /* Release */ = {
			isa = XCBuildConfiguration;
			buildSettings = {
				ALWAYS_SEARCH_USER_PATHS = NO;
				CLANG_CXX_LANGUAGE_STANDARD = "gnu++0x";
				CLANG_CXX_LIBRARY = "libc++";
				CLANG_ENABLE_MODULES = YES;
				CLANG_ENABLE_OBJC_ARC = YES;
				CLANG_WARN_BOOL_CONVERSION = YES;
				CLANG_WARN_CONSTANT_CONVERSION = YES;
				CLANG_WARN_DIRECT_OBJC_ISA_USAGE = YES_ERROR;
				CLANG_WARN_EMPTY_BODY = YES;
				CLANG_WARN_ENUM_CONVERSION = YES;
				CLANG_WARN_INT_CONVERSION = YES;
				CLANG_WARN_OBJC_ROOT_CLASS = YES_ERROR;
				CLANG_WARN_UNREACHABLE_CODE = YES;
				CLANG_WARN__DUPLICATE_METHOD_MATCH = YES;
				"CODE_SIGN_IDENTITY[sdk=iphoneos*]" = "iPhone Developer";
				COPY_PHASE_STRIP = YES;
				ENABLE_NS_ASSERTIONS = NO;
				ENABLE_STRICT_OBJC_MSGSEND = YES;
				GCC_C_LANGUAGE_STANDARD = gnu99;
				GCC_WARN_64_TO_32_BIT_CONVERSION = YES;
				GCC_WARN_ABOUT_RETURN_TYPE = YES_ERROR;
				GCC_WARN_UNDECLARED_SELECTOR = YES;
				GCC_WARN_UNINITIALIZED_AUTOS = YES_AGGRESSIVE;
				GCC_WARN_UNUSED_FUNCTION = YES;
				GCC_WARN_UNUSED_VARIABLE = YES;
				IPHONEOS_DEPLOYMENT_TARGET = 8.0;
				METAL_ENABLE_DEBUG_INFO = NO;
				SDKROOT = iphoneos;
				VALIDATE_PRODUCT = YES;
			};
			name = Release;
		};
		7B256D531958A73500B6DFA3 /* Debug */ = {
			isa = XCBuildConfiguration;
			buildSettings = {
				ASSETCATALOG_COMPILER_APPICON_NAME = AppIcon;
				ASSETCATALOG_COMPILER_LAUNCHIMAGE_NAME = LaunchImage;
				INFOPLIST_FILE = WordOfTheDay/Info.plist;
				LD_RUNPATH_SEARCH_PATHS = "$(inherited) @executable_path/Frameworks";
				PRODUCT_NAME = "$(TARGET_NAME)";
			};
			name = Debug;
		};
		7B256D541958A73500B6DFA3 /* Release */ = {
			isa = XCBuildConfiguration;
			buildSettings = {
				ASSETCATALOG_COMPILER_APPICON_NAME = AppIcon;
				ASSETCATALOG_COMPILER_LAUNCHIMAGE_NAME = LaunchImage;
				INFOPLIST_FILE = WordOfTheDay/Info.plist;
				LD_RUNPATH_SEARCH_PATHS = "$(inherited) @executable_path/Frameworks";
				PRODUCT_NAME = "$(TARGET_NAME)";
			};
			name = Release;
		};
		7B256D561958A73500B6DFA3 /* Debug */ = {
			isa = XCBuildConfiguration;
			buildSettings = {
				BUNDLE_LOADER = "$(BUILT_PRODUCTS_DIR)/WordOfTheDay.app/WordOfTheDay";
				FRAMEWORK_SEARCH_PATHS = (
					"$(SDKROOT)/Developer/Library/Frameworks",
					"$(inherited)",
				);
				GCC_PREPROCESSOR_DEFINITIONS = (
					"DEBUG=1",
					"$(inherited)",
				);
				INFOPLIST_FILE = WordOfTheDayTests/Info.plist;
				LD_RUNPATH_SEARCH_PATHS = "$(inherited) @executable_path/Frameworks @loader_path/Frameworks";
				METAL_ENABLE_DEBUG_INFO = YES;
				PRODUCT_NAME = "$(TARGET_NAME)";
				TEST_HOST = "$(BUNDLE_LOADER)";
			};
			name = Debug;
		};
		7B256D571958A73500B6DFA3 /* Release */ = {
			isa = XCBuildConfiguration;
			buildSettings = {
				BUNDLE_LOADER = "$(BUILT_PRODUCTS_DIR)/WordOfTheDay.app/WordOfTheDay";
				FRAMEWORK_SEARCH_PATHS = (
					"$(SDKROOT)/Developer/Library/Frameworks",
					"$(inherited)",
				);
				INFOPLIST_FILE = WordOfTheDayTests/Info.plist;
				LD_RUNPATH_SEARCH_PATHS = "$(inherited) @executable_path/Frameworks @loader_path/Frameworks";
				METAL_ENABLE_DEBUG_INFO = NO;
				PRODUCT_NAME = "$(TARGET_NAME)";
				TEST_HOST = "$(BUNDLE_LOADER)";
			};
			name = Release;
		};
/* End XCBuildConfiguration section */

/* Begin XCConfigurationList section */
		7B256D2D1958A73500B6DFA3 /* Build configuration list for PBXProject "WordOfTheDay" */ = {
			isa = XCConfigurationList;
			buildConfigurations = (
				7B256D501958A73500B6DFA3 /* Debug */,
				7B256D511958A73500B6DFA3 /* Release */,
			);
			defaultConfigurationIsVisible = 0;
			defaultConfigurationName = Release;
		};
		7B256D521958A73500B6DFA3 /* Build configuration list for PBXNativeTarget "WordOfTheDay" */ = {
			isa = XCConfigurationList;
			buildConfigurations = (
				7B256D531958A73500B6DFA3 /* Debug */,
				7B256D541958A73500B6DFA3 /* Release */,
			);
			defaultConfigurationIsVisible = 0;
		};
		7B256D551958A73500B6DFA3 /* Build configuration list for PBXNativeTarget "WordOfTheDayTests" */ = {
			isa = XCConfigurationList;
			buildConfigurations = (
				7B256D561958A73500B6DFA3 /* Debug */,
				7B256D571958A73500B6DFA3 /* Release */,
			);
			defaultConfigurationIsVisible = 0;
		};
/* End XCConfigurationList section */
	};
	rootObject = 7B256D2A1958A73500B6DFA3 /* Project object */;
}
